
Microsoft Visual Studio Solution File, Format Version 12.00
# Visual Studio Version 16
VisualStudioVersion = 16.0.28531.58
MinimumVisualStudioVersion = 10.0.40219.1
Project("{9A19103F-16F7-4668-BE54-9A1E7A4F7556}") = "RabbitMQ.Receiver", "RabbitMQ.Receiver\RabbitMQ.Receiver.csproj", "{F9D99595-2129-4B2D-B05F-716DF6CD2C49}"
EndProject
Project("{E53339B2-1760-4266-BCC7-CA923CBCF16C}") = "docker-compose", "docker-compose.dcproj", "{2373F25B-19FC-4AE2-B3EB-99481ACCD40A}"
EndProject
Project("{9A19103F-16F7-4668-BE54-9A1E7A4F7556}") = "RabbitMQ.Sender", "RabbitMQ.Sender\RabbitMQ.Sender.csproj", "{649E33F4-3F51-439D-995F-4540C836D35E}"
EndProject
Global
	GlobalSection(SolutionConfigurationPlatforms) = preSolution
		Debug|Any CPU = Debug|Any CPU
		Release|Any CPU = Release|Any CPU
	EndGlobalSection
	GlobalSection(ProjectConfigurationPlatforms) = postSolution
		{F9D99595-2129-4B2D-B05F-716DF6CD2C49}.Debug|Any CPU.ActiveCfg = Debug|Any CPU
		{F9D99595-2129-4B2D-B05F-716DF6CD2C49}.Debug|Any CPU.Build.0 = Debug|Any CPU
		{F9D99595-2129-4B2D-B05F-716DF6CD2C49}.Release|Any CPU.ActiveCfg = Release|Any CPU
		{F9D99595-2129-4B2D-B05F-716DF6CD2C49}.Release|Any CPU.Build.0 = Release|Any CPU
		{2373F25B-19FC-4AE2-B3EB-99481ACCD40A}.Debug|Any CPU.ActiveCfg = Debug|Any CPU
		{2373F25B-19FC-4AE2-B3EB-99481ACCD40A}.Debug|Any CPU.Build.0 = Debug|Any CPU
		{2373F25B-19FC-4AE2-B3EB-99481ACCD40A}.Release|Any CPU.ActiveCfg = Release|Any CPU
		{2373F25B-19FC-4AE2-B3EB-99481ACCD40A}.Release|Any CPU.Build.0 = Release|Any CPU
		{649E33F4-3F51-439D-995F-4540C836D35E}.Debug|Any CPU.ActiveCfg = Debug|Any CPU
		{649E33F4-3F51-439D-995F-4540C836D35E}.Debug|Any CPU.Build.0 = Debug|Any CPU
		{649E33F4-3F51-439D-995F-4540C836D35E}.Release|Any CPU.ActiveCfg = Release|Any CPU
		{649E33F4-3F51-439D-995F-4540C836D35E}.Release|Any CPU.Build.0 = Release|Any CPU
	EndGlobalSection
	GlobalSection(SolutionProperties) = preSolution
		HideSolutionNode = FALSE
	EndGlobalSection
	GlobalSection(ExtensibilityGlobals) = postSolution
		SolutionGuid = {1C94C1A8-92A1-40E1-94ED-71614C94AB72}
	EndGlobalSection
EndGlobal
